PODS:
  - Alamofire (4.6.0)
  - KeychainSwift (10.0.0)

DEPENDENCIES:
  - Alamofire (~> 4.6)
  - KeychainSwift (~> 10.0)

SPEC CHECKSUMS:
  Alamofire: f41a599bd63041760b26d393ec1069d9d7b917f4
  KeychainSwift: f9f7910449a0c0fd2cabc889121530dd2c477c33

PODFILE CHECKSUM: ecbb28aa0e7d594d1b04e52d0b7a5bbae58c2d05

COCOAPODS: 1.4.0
