PODS:
  - Alamofire (4.6.0)
  - KeychainSwift (10.0.0)
  - Kingfisher (4.6.1)

DEPENDENCIES:
  - Alamofire (~> 4.6)
  - KeychainSwift (~> 10.0)
  - Kingfisher (~> 4.6)

SPEC CHECKSUMS:
  Alamofire: f41a599bd63041760b26d393ec1069d9d7b917f4
  KeychainSwift: f9f7910449a0c0fd2cabc889121530dd2c477c33
  Kingfisher: 1f9157d9c02b380cbd0b7cc890161195164eb634

PODFILE CHECKSUM: e969aea706ac5587baf1bdf3e2771f02f7a4912c

COCOAPODS: 1.4.0
